Microsoft Visual Studio Solution File, Format Version 12.00
# Visual Studio Version 17
VisualStudioVersion = 17.5.2.0
MinimumVisualStudioVersion = 10.0.40219.1
Project("{FAE04EC0-301F-11D3-BF4B-00C04F79EFBC}") = "TicketingFE", "TicketingFE.csproj", "{0CB9EFC6-503B-F253-963E-E21397059C93}"
EndProject
Global
	GlobalSection(SolutionConfigurationPlatforms) = preSolution
		Debug|Any CPU = Debug|Any CPU
		Release|Any CPU = Release|Any CPU
	EndGlobalSection
	GlobalSection(ProjectConfigurationPlatforms) = postSolution
		{0CB9EFC6-503B-F253-963E-E21397059C93}.Debug|Any CPU.ActiveCfg = Debug|Any CPU
		{0CB9EFC6-503B-F253-963E-E21397059C93}.Debug|Any CPU.Build.0 = Debug|Any CPU
		{0CB9EFC6-503B-F253-963E-E21397059C93}.Release|Any CPU.ActiveCfg = Release|Any CPU
		{0CB9EFC6-503B-F253-963E-E21397059C93}.Release|Any CPU.Build.0 = Release|Any CPU
	EndGlobalSection
	GlobalSection(SolutionProperties) = preSolution
		HideSolutionNode = FALSE
	EndGlobalSection
	GlobalSection(ExtensibilityGlobals) = postSolution
		SolutionGuid = {6C75FE29-8C21-49A5-925C-9B8D29E623E1}
	EndGlobalSection
EndGlobal
