Microsoft Visual Studio Solution File, Format Version 12.00
# Visual Studio Version 17
VisualStudioVersion = 17.5.2.0
MinimumVisualStudioVersion = 10.0.40219.1
Project("{FAE04EC0-301F-11D3-BF4B-00C04F79EFBC}") = "TicketingTest", "TicketingTest.csproj", "{67E05CAE-B5C8-6373-15E7-7230E948F89A}"
EndProject
Global
	GlobalSection(SolutionConfigurationPlatforms) = preSolution
		Debug|Any CPU = Debug|Any CPU
		Release|Any CPU = Release|Any CPU
	EndGlobalSection
	GlobalSection(ProjectConfigurationPlatforms) = postSolution
		{67E05CAE-B5C8-6373-15E7-7230E948F89A}.Debug|Any CPU.ActiveCfg = Debug|Any CPU
		{67E05CAE-B5C8-6373-15E7-7230E948F89A}.Debug|Any CPU.Build.0 = Debug|Any CPU
		{67E05CAE-B5C8-6373-15E7-7230E948F89A}.Release|Any CPU.ActiveCfg = Release|Any CPU
		{67E05CAE-B5C8-6373-15E7-7230E948F89A}.Release|Any CPU.Build.0 = Release|Any CPU
	EndGlobalSection
	GlobalSection(SolutionProperties) = preSolution
		HideSolutionNode = FALSE
	EndGlobalSection
	GlobalSection(ExtensibilityGlobals) = postSolution
		SolutionGuid = {05CE54D5-055E-4C4A-9EE4-AB7B35899681}
	EndGlobalSection
EndGlobal
