Microsoft Visual Studio Solution File, Format Version 12.00
# Visual Studio Version 17
VisualStudioVersion = 17.5.2.0
MinimumVisualStudioVersion = 10.0.40219.1
Project("{FAE04EC0-301F-11D3-BF4B-00C04F79EFBC}") = "Ticketing", "Ticketing.csproj", "{FC01744E-3E57-4116-D41B-1545D5F33955}"
EndProject
Global
	GlobalSection(SolutionConfigurationPlatforms) = preSolution
		Debug|Any CPU = Debug|Any CPU
		Release|Any CPU = Release|Any CPU
	EndGlobalSection
	GlobalSection(ProjectConfigurationPlatforms) = postSolution
		{FC01744E-3E57-4116-D41B-1545D5F33955}.Debug|Any CPU.ActiveCfg = Debug|Any CPU
		{FC01744E-3E57-4116-D41B-1545D5F33955}.Debug|Any CPU.Build.0 = Debug|Any CPU
		{FC01744E-3E57-4116-D41B-1545D5F33955}.Release|Any CPU.ActiveCfg = Release|Any CPU
		{FC01744E-3E57-4116-D41B-1545D5F33955}.Release|Any CPU.Build.0 = Release|Any CPU
	EndGlobalSection
	GlobalSection(SolutionProperties) = preSolution
		HideSolutionNode = FALSE
	EndGlobalSection
	GlobalSection(ExtensibilityGlobals) = postSolution
		SolutionGuid = {2295A6DC-D029-46CD-960C-3CB8A8AF8DBC}
	EndGlobalSection
EndGlobal
